
Microsoft Visual Studio Solution File, Format Version 11.00
# Visual Studio 2010
Project("{FAE04EC0-301F-11D3-BF4B-00C04F79EFBC}") = "UnityEngine.UI", "UnityEngine.UI.csproj", "{4733d915-e0ec-86ae-ab47-72f2662d8160}"
EndProject
Project("{FAE04EC0-301F-11D3-BF4B-00C04F79EFBC}") = "UnityEngine.TestRunner", "UnityEngine.TestRunner.csproj", "{4e6f8975-69e9-aa51-c304-6dd1f12efebb}"
EndProject
Project("{FAE04EC0-301F-11D3-BF4B-00C04F79EFBC}") = "Unity.VisualScripting.Flow", "Unity.VisualScripting.Flow.csproj", "{860c3755-95df-6df2-b80a-e7e69c5b4bcb}"
EndProject
Project("{FAE04EC0-301F-11D3-BF4B-00C04F79EFBC}") = "Unity.VisualScripting.State", "Unity.VisualScripting.State.csproj", "{88db2b1d-2410-e60c-8e86-8f9e4f1c8691}"
EndProject
Project("{FAE04EC0-301F-11D3-BF4B-00C04F79EFBC}") = "Unity.VisualScripting.Core", "Unity.VisualScripting.Core.csproj", "{b8762293-8ea6-b6f0-72b6-ed526bb2258c}"
EndProject
Project("{FAE04EC0-301F-11D3-BF4B-00C04F79EFBC}") = "Assembly-CSharp", "Assembly-CSharp.csproj", "{faad2535-2dee-0a70-8111-13dfdb662934}"
EndProject
Project("{FAE04EC0-301F-11D3-BF4B-00C04F79EFBC}") = "Unity.TextMeshPro", "Unity.TextMeshPro.csproj", "{6f4b0600-d53f-b33b-8708-880bef7c8b3e}"
EndProject
Project("{FAE04EC0-301F-11D3-BF4B-00C04F79EFBC}") = "Unity.Timeline", "Unity.Timeline.csproj", "{9c6f9d18-711c-9e42-4de4-5183e831bd3c}"
EndProject
Project("{FAE04EC0-301F-11D3-BF4B-00C04F79EFBC}") = "Unity.PlasticSCM.Editor", "Unity.PlasticSCM.Editor.csproj", "{514639ae-dfa6-a870-c29c-e7aaa4b85328}"
EndProject
Project("{FAE04EC0-301F-11D3-BF4B-00C04F79EFBC}") = "Unity.VisualScripting.Core.Editor", "Unity.VisualScripting.Core.Editor.csproj", "{bcdbb0fe-c2cb-aff8-bf26-d81c1f461f5c}"
EndProject
Project("{FAE04EC0-301F-11D3-BF4B-00C04F79EFBC}") = "Unity.VisualScripting.Flow.Editor", "Unity.VisualScripting.Flow.Editor.csproj", "{f6bc9a5e-2954-f443-e3b2-e0ed9a0c8485}"
EndProject
Project("{FAE04EC0-301F-11D3-BF4B-00C04F79EFBC}") = "Unity.VisualStudio.Editor", "Unity.VisualStudio.Editor.csproj", "{acd9a600-e26b-9640-4064-2de3de26b7ef}"
EndProject
Project("{FAE04EC0-301F-11D3-BF4B-00C04F79EFBC}") = "Unity.Timeline.Editor", "Unity.Timeline.Editor.csproj", "{74d477c5-0bf1-3752-0d03-3940553c84b2}"
EndProject
Project("{FAE04EC0-301F-11D3-BF4B-00C04F79EFBC}") = "Unity.VisualScripting.State.Editor", "Unity.VisualScripting.State.Editor.csproj", "{2c167798-5a41-faa8-dc55-6572458fed38}"
EndProject
Project("{FAE04EC0-301F-11D3-BF4B-00C04F79EFBC}") = "Unity.TextMeshPro.Editor", "Unity.TextMeshPro.Editor.csproj", "{076fc605-778e-849e-222a-4aa75aba54f7}"
EndProject
Project("{FAE04EC0-301F-11D3-BF4B-00C04F79EFBC}") = "Unity.VisualScripting.SettingsProvider.Editor", "Unity.VisualScripting.SettingsProvider.Editor.csproj", "{334ddea2-59b4-a3be-ae8e-c2a114a4e6f4}"
EndProject
Project("{FAE04EC0-301F-11D3-BF4B-00C04F79EFBC}") = "Unity.CollabProxy.Editor", "Unity.CollabProxy.Editor.csproj", "{28f6feed-683b-b7ed-762c-c7170b2f9b02}"
EndProject
Project("{FAE04EC0-301F-11D3-BF4B-00C04F79EFBC}") = "UnityEditor.TestRunner", "UnityEditor.TestRunner.csproj", "{7adb523e-5fd5-64bf-8595-49756bf5b318}"
EndProject
Project("{FAE04EC0-301F-11D3-BF4B-00C04F79EFBC}") = "Unity.Rider.Editor", "Unity.Rider.Editor.csproj", "{6c9639db-68f5-4784-c5cc-1956db04fef1}"
EndProject
Project("{FAE04EC0-301F-11D3-BF4B-00C04F79EFBC}") = "Unity.Services.Core.Editor", "Unity.Services.Core.Editor.csproj", "{4042297d-c558-b0d6-0171-b6cfad880e2d}"
EndProject
Project("{FAE04EC0-301F-11D3-BF4B-00C04F79EFBC}") = "Unity.VSCode.Editor", "Unity.VSCode.Editor.csproj", "{4cd6c313-f455-6bba-4fc6-37b32ccdc499}"
EndProject
Project("{FAE04EC0-301F-11D3-BF4B-00C04F79EFBC}") = "Assembly-CSharp-Editor", "Assembly-CSharp-Editor.csproj", "{d4cc0a61-d9cb-c1dc-0c94-1f17622a4736}"
EndProject
Project("{FAE04EC0-301F-11D3-BF4B-00C04F79EFBC}") = "UnityEditor.UI", "UnityEditor.UI.csproj", "{1bbd9e03-78ba-9d96-5fca-b7244f220a51}"
EndProject
Project("{FAE04EC0-301F-11D3-BF4B-00C04F79EFBC}") = "Unity.VisualScripting.Shared.Editor", "Unity.VisualScripting.Shared.Editor.csproj", "{de022c1b-d4ba-0c46-7a11-5f5b0d2f2a72}"
EndProject
Global
	GlobalSection(SolutionConfigurationPlatforms) = preSolution
		Debug|Any CPU = Debug|Any CPU
	EndGlobalSection
	GlobalSection(ProjectConfigurationPlatforms) = postSolution
		{4733d915-e0ec-86ae-ab47-72f2662d8160}.Debug|Any CPU.ActiveCfg = Debug|Any CPU
		{4733d915-e0ec-86ae-ab47-72f2662d8160}.Debug|Any CPU.Build.0 = Debug|Any CPU
		{4e6f8975-69e9-aa51-c304-6dd1f12efebb}.Debug|Any CPU.ActiveCfg = Debug|Any CPU
		{4e6f8975-69e9-aa51-c304-6dd1f12efebb}.Debug|Any CPU.Build.0 = Debug|Any CPU
		{860c3755-95df-6df2-b80a-e7e69c5b4bcb}.Debug|Any CPU.ActiveCfg = Debug|Any CPU
		{860c3755-95df-6df2-b80a-e7e69c5b4bcb}.Debug|Any CPU.Build.0 = Debug|Any CPU
		{88db2b1d-2410-e60c-8e86-8f9e4f1c8691}.Debug|Any CPU.ActiveCfg = Debug|Any CPU
		{88db2b1d-2410-e60c-8e86-8f9e4f1c8691}.Debug|Any CPU.Build.0 = Debug|Any CPU
		{b8762293-8ea6-b6f0-72b6-ed526bb2258c}.Debug|Any CPU.ActiveCfg = Debug|Any CPU
		{b8762293-8ea6-b6f0-72b6-ed526bb2258c}.Debug|Any CPU.Build.0 = Debug|Any CPU
		{faad2535-2dee-0a70-8111-13dfdb662934}.Debug|Any CPU.ActiveCfg = Debug|Any CPU
		{faad2535-2dee-0a70-8111-13dfdb662934}.Debug|Any CPU.Build.0 = Debug|Any CPU
		{6f4b0600-d53f-b33b-8708-880bef7c8b3e}.Debug|Any CPU.ActiveCfg = Debug|Any CPU
		{6f4b0600-d53f-b33b-8708-880bef7c8b3e}.Debug|Any CPU.Build.0 = Debug|Any CPU
		{9c6f9d18-711c-9e42-4de4-5183e831bd3c}.Debug|Any CPU.ActiveCfg = Debug|Any CPU
		{9c6f9d18-711c-9e42-4de4-5183e831bd3c}.Debug|Any CPU.Build.0 = Debug|Any CPU
		{514639ae-dfa6-a870-c29c-e7aaa4b85328}.Debug|Any CPU.ActiveCfg = Debug|Any CPU
		{514639ae-dfa6-a870-c29c-e7aaa4b85328}.Debug|Any CPU.Build.0 = Debug|Any CPU
		{bcdbb0fe-c2cb-aff8-bf26-d81c1f461f5c}.Debug|Any CPU.ActiveCfg = Debug|Any CPU
		{bcdbb0fe-c2cb-aff8-bf26-d81c1f461f5c}.Debug|Any CPU.Build.0 = Debug|Any CPU
		{f6bc9a5e-2954-f443-e3b2-e0ed9a0c8485}.Debug|Any CPU.ActiveCfg = Debug|Any CPU
		{f6bc9a5e-2954-f443-e3b2-e0ed9a0c8485}.Debug|Any CPU.Build.0 = Debug|Any CPU
		{acd9a600-e26b-9640-4064-2de3de26b7ef}.Debug|Any CPU.ActiveCfg = Debug|Any CPU
		{acd9a600-e26b-9640-4064-2de3de26b7ef}.Debug|Any CPU.Build.0 = Debug|Any CPU
		{74d477c5-0bf1-3752-0d03-3940553c84b2}.Debug|Any CPU.ActiveCfg = Debug|Any CPU
		{74d477c5-0bf1-3752-0d03-3940553c84b2}.Debug|Any CPU.Build.0 = Debug|Any CPU
		{2c167798-5a41-faa8-dc55-6572458fed38}.Debug|Any CPU.ActiveCfg = Debug|Any CPU
		{2c167798-5a41-faa8-dc55-6572458fed38}.Debug|Any CPU.Build.0 = Debug|Any CPU
		{076fc605-778e-849e-222a-4aa75aba54f7}.Debug|Any CPU.ActiveCfg = Debug|Any CPU
		{076fc605-778e-849e-222a-4aa75aba54f7}.Debug|Any CPU.Build.0 = Debug|Any CPU
		{334ddea2-59b4-a3be-ae8e-c2a114a4e6f4}.Debug|Any CPU.ActiveCfg = Debug|Any CPU
		{334ddea2-59b4-a3be-ae8e-c2a114a4e6f4}.Debug|Any CPU.Build.0 = Debug|Any CPU
		{28f6feed-683b-b7ed-762c-c7170b2f9b02}.Debug|Any CPU.ActiveCfg = Debug|Any CPU
		{28f6feed-683b-b7ed-762c-c7170b2f9b02}.Debug|Any CPU.Build.0 = Debug|Any CPU
		{7adb523e-5fd5-64bf-8595-49756bf5b318}.Debug|Any CPU.ActiveCfg = Debug|Any CPU
		{7adb523e-5fd5-64bf-8595-49756bf5b318}.Debug|Any CPU.Build.0 = Debug|Any CPU
		{6c9639db-68f5-4784-c5cc-1956db04fef1}.Debug|Any CPU.ActiveCfg = Debug|Any CPU
		{6c9639db-68f5-4784-c5cc-1956db04fef1}.Debug|Any CPU.Build.0 = Debug|Any CPU
		{4042297d-c558-b0d6-0171-b6cfad880e2d}.Debug|Any CPU.ActiveCfg = Debug|Any CPU
		{4042297d-c558-b0d6-0171-b6cfad880e2d}.Debug|Any CPU.Build.0 = Debug|Any CPU
		{4cd6c313-f455-6bba-4fc6-37b32ccdc499}.Debug|Any CPU.ActiveCfg = Debug|Any CPU
		{4cd6c313-f455-6bba-4fc6-37b32ccdc499}.Debug|Any CPU.Build.0 = Debug|Any CPU
		{d4cc0a61-d9cb-c1dc-0c94-1f17622a4736}.Debug|Any CPU.ActiveCfg = Debug|Any CPU
		{d4cc0a61-d9cb-c1dc-0c94-1f17622a4736}.Debug|Any CPU.Build.0 = Debug|Any CPU
		{1bbd9e03-78ba-9d96-5fca-b7244f220a51}.Debug|Any CPU.ActiveCfg = Debug|Any CPU
		{1bbd9e03-78ba-9d96-5fca-b7244f220a51}.Debug|Any CPU.Build.0 = Debug|Any CPU
		{de022c1b-d4ba-0c46-7a11-5f5b0d2f2a72}.Debug|Any CPU.ActiveCfg = Debug|Any CPU
		{de022c1b-d4ba-0c46-7a11-5f5b0d2f2a72}.Debug|Any CPU.Build.0 = Debug|Any CPU
	EndGlobalSection
	GlobalSection(SolutionProperties) = preSolution
		HideSolutionNode = FALSE
	EndGlobalSection
EndGlobal
